Microsoft Visual Studio Solution File, Format Version 12.00
# Visual Studio Version 16
VisualStudioVersion = 16.0.29926.136
MinimumVisualStudioVersion = 10.0.40219.1
Project("{FAE04EC0-301F-11D3-BF4B-00C04F79EFBC}") = "TidBit.Android", "TidBit.Android\TidBit.Android.csproj", "{28E98E26-E1D3-496C-A389-ED7F42480E46}"
EndProject
Project("{FAE04EC0-301F-11D3-BF4B-00C04F79EFBC}") = "TidBit.iOS", "TidBit.iOS\TidBit.iOS.csproj", "{D336FA57-6060-4C5F-AAA3-0ED098662D1D}"
EndProject
Project("{9A19103F-16F7-4668-BE54-9A1E7A4F7556}") = "TidBit", "TidBit\TidBit.csproj", "{B42A7F49-E95D-42E3-AD8D-F0E277C61061}"
EndProject
Global
	GlobalSection(SolutionConfigurationPlatforms) = preSolution
		Debug|Any CPU = Debug|Any CPU
		Debug|iPhone = Debug|iPhone
		Debug|iPhoneSimulator = Debug|iPhoneSimulator
		Release|Any CPU = Release|Any CPU
		Release|iPhone = Release|iPhone
		Release|iPhoneSimulator = Release|iPhoneSimulator
	EndGlobalSection
	GlobalSection(ProjectConfigurationPlatforms) = postSolution
		{28E98E26-E1D3-496C-A389-ED7F42480E46}.Debug|Any CPU.ActiveCfg = Debug|Any CPU
		{28E98E26-E1D3-496C-A389-ED7F42480E46}.Debug|Any CPU.Build.0 = Debug|Any CPU
		{28E98E26-E1D3-496C-A389-ED7F42480E46}.Debug|Any CPU.Deploy.0 = Debug|Any CPU
		{28E98E26-E1D3-496C-A389-ED7F42480E46}.Debug|iPhone.ActiveCfg = Debug|Any CPU
		{28E98E26-E1D3-496C-A389-ED7F42480E46}.Debug|iPhone.Build.0 = Debug|Any CPU
		{28E98E26-E1D3-496C-A389-ED7F42480E46}.Debug|iPhoneSimulator.ActiveCfg = Debug|Any CPU
		{28E98E26-E1D3-496C-A389-ED7F42480E46}.Debug|iPhoneSimulator.Build.0 = Debug|Any CPU
		{28E98E26-E1D3-496C-A389-ED7F42480E46}.Release|Any CPU.ActiveCfg = Release|Any CPU
		{28E98E26-E1D3-496C-A389-ED7F42480E46}.Release|Any CPU.Build.0 = Release|Any CPU
		{28E98E26-E1D3-496C-A389-ED7F42480E46}.Release|iPhone.ActiveCfg = Release|Any CPU
		{28E98E26-E1D3-496C-A389-ED7F42480E46}.Release|iPhone.Build.0 = Release|Any CPU
		{28E98E26-E1D3-496C-A389-ED7F42480E46}.Release|iPhoneSimulator.ActiveCfg = Release|Any CPU
		{28E98E26-E1D3-496C-A389-ED7F42480E46}.Release|iPhoneSimulator.Build.0 = Release|Any CPU
		{D336FA57-6060-4C5F-AAA3-0ED098662D1D}.Debug|Any CPU.ActiveCfg = Debug|iPhoneSimulator
		{D336FA57-6060-4C5F-AAA3-0ED098662D1D}.Debug|Any CPU.Build.0 = Debug|iPhoneSimulator
		{D336FA57-6060-4C5F-AAA3-0ED098662D1D}.Debug|iPhone.ActiveCfg = Debug|iPhone
		{D336FA57-6060-4C5F-AAA3-0ED098662D1D}.Debug|iPhone.Build.0 = Debug|iPhone
		{D336FA57-6060-4C5F-AAA3-0ED098662D1D}.Debug|iPhoneSimulator.ActiveCfg = Debug|iPhoneSimulator
		{D336FA57-6060-4C5F-AAA3-0ED098662D1D}.Debug|iPhoneSimulator.Build.0 = Debug|iPhoneSimulator
		{D336FA57-6060-4C5F-AAA3-0ED098662D1D}.Release|Any CPU.ActiveCfg = Release|iPhoneSimulator
		{D336FA57-6060-4C5F-AAA3-0ED098662D1D}.Release|Any CPU.Build.0 = Release|iPhoneSimulator
		{D336FA57-6060-4C5F-AAA3-0ED098662D1D}.Release|iPhone.ActiveCfg = Release|iPhone
		{D336FA57-6060-4C5F-AAA3-0ED098662D1D}.Release|iPhone.Build.0 = Release|iPhone
		{D336FA57-6060-4C5F-AAA3-0ED098662D1D}.Release|iPhoneSimulator.ActiveCfg = Release|iPhoneSimulator
		{D336FA57-6060-4C5F-AAA3-0ED098662D1D}.Release|iPhoneSimulator.Build.0 = Release|iPhoneSimulator
		{B42A7F49-E95D-42E3-AD8D-F0E277C61061}.Debug|Any CPU.ActiveCfg = Debug|Any CPU
		{B42A7F49-E95D-42E3-AD8D-F0E277C61061}.Debug|Any CPU.Build.0 = Debug|Any CPU
		{B42A7F49-E95D-42E3-AD8D-F0E277C61061}.Debug|iPhone.ActiveCfg = Debug|Any CPU
		{B42A7F49-E95D-42E3-AD8D-F0E277C61061}.Debug|iPhone.Build.0 = Debug|Any CPU
		{B42A7F49-E95D-42E3-AD8D-F0E277C61061}.Debug|iPhoneSimulator.ActiveCfg = Debug|Any CPU
		{B42A7F49-E95D-42E3-AD8D-F0E277C61061}.Debug|iPhoneSimulator.Build.0 = Debug|Any CPU
		{B42A7F49-E95D-42E3-AD8D-F0E277C61061}.Release|Any CPU.ActiveCfg = Release|Any CPU
		{B42A7F49-E95D-42E3-AD8D-F0E277C61061}.Release|Any CPU.Build.0 = Release|Any CPU
		{B42A7F49-E95D-42E3-AD8D-F0E277C61061}.Release|iPhone.ActiveCfg = Release|Any CPU
		{B42A7F49-E95D-42E3-AD8D-F0E277C61061}.Release|iPhone.Build.0 = Release|Any CPU
		{B42A7F49-E95D-42E3-AD8D-F0E277C61061}.Release|iPhoneSimulator.ActiveCfg = Release|Any CPU
		{B42A7F49-E95D-42E3-AD8D-F0E277C61061}.Release|iPhoneSimulator.Build.0 = Release|Any CPU
	EndGlobalSection
	GlobalSection(SolutionProperties) = preSolution
		HideSolutionNode = FALSE
	EndGlobalSection
	GlobalSection(ExtensibilityGlobals) = postSolution
		SolutionGuid = {437D4639-A60C-4458-A4C8-EB7A7B6D6F67}
	EndGlobalSection
EndGlobal
